// !$*UTF8*$!
{
	archiveVersion = 1;
	classes = {
	};
	objectVersion = 55;
	objects = {

/* Begin PBXBuildFile section */
		AA896EC428CC8680004C7068 /* kuku_wish_listApp.swift in Sources */ = {isa = PBXBuildFile; fileRef = AA896EC328CC8680004C7068 /* kuku_wish_listApp.swift */; };
		AA896EC628CC8680004C7068 /* ContentView.swift in Sources */ = {isa = PBXBuildFile; fileRef = AA896EC528CC8680004C7068 /* ContentView.swift */; };
		AA896EC828CC8680004C7068 /* Assets.xcassets in Resources */ = {isa = PBXBuildFile; fileRef = AA896EC728CC8680004C7068 /* Assets.xcassets */; };
		AA896ECB28CC8680004C7068 /* Preview Assets.xcassets in Resources */ = {isa = PBXBuildFile; fileRef = AA896ECA28CC8680004C7068 /* Preview Assets.xcassets */; };
		AA896ED528CC8680004C7068 /* kuku_wish_listTests.swift in Sources */ = {isa = PBXBuildFile; fileRef = AA896ED428CC8680004C7068 /* kuku_wish_listTests.swift */; };
		AA896EDF28CC8681004C7068 /* kuku_wish_listUITests.swift in Sources */ = {isa = PBXBuildFile; fileRef = AA896EDE28CC8681004C7068 /* kuku_wish_listUITests.swift */; };
		AA896EE128CC8681004C7068 /* kuku_wish_listUITestsLaunchTests.swift in Sources */ = {isa = PBXBuildFile; fileRef = AA896EE028CC8681004C7068 /* kuku_wish_listUITestsLaunchTests.swift */; };
/* End PBXBuildFile section */

/* Begin PBXContainerItemProxy section */
		AA896ED128CC8680004C7068 /* PBXContainerItemProxy */ = {
			isa = PBXContainerItemProxy;
			containerPortal = AA896EB828CC8680004C7068 /* Project object */;
			proxyType = 1;
			remoteGlobalIDString = AA896EBF28CC8680004C7068;
			remoteInfo = kuku_wish_list;
		};
		AA896EDB28CC8681004C7068 /* PBXContainerItemProxy */ = {
			isa = PBXContainerItemProxy;
			containerPortal = AA896EB828CC8680004C7068 /* Project object */;
			proxyType = 1;
			remoteGlobalIDString = AA896EBF28CC8680004C7068;
			remoteInfo = kuku_wish_list;
		};
/* End PBXContainerItemProxy section */

/* Begin PBXFileReference section */
		AA896EC028CC8680004C7068 /* kuku_wish_list.app */ = {isa = PBXFileReference; explicitFileType = wrapper.application; includeInIndex = 0; path = kuku_wish_list.app; sourceTree = BUILT_PRODUCTS_DIR; };
		AA896EC328CC8680004C7068 /* kuku_wish_listApp.swift */ = {isa = PBXFileReference; lastKnownFileType = sourcecode.swift; path = kuku_wish_listApp.swift; sourceTree = "<group>"; };
		AA896EC528CC8680004C7068 /* ContentView.swift */ = {isa = PBXFileReference; lastKnownFileType = sourcecode.swift; path = ContentView.swift; sourceTree = "<group>"; };
		AA896EC728CC8680004C7068 /* Assets.xcassets */ = {isa = PBXFileReference; lastKnownFileType = folder.assetcatalog; path = Assets.xcassets; sourceTree = "<group>"; };
		AA896ECA28CC8680004C7068 /* Preview Assets.xcassets */ = {isa = PBXFileReference; lastKnownFileType = folder.assetcatalog; path = "Preview Assets.xcassets"; sourceTree = "<group>"; };
		AA896ED028CC8680004C7068 /* kuku_wish_listTests.xctest */ = {isa = PBXFileReference; explicitFileType = wrapper.cfbundle; includeInIndex = 0; path = kuku_wish_listTests.xctest; sourceTree = BUILT_PRODUCTS_DIR; };
		AA896ED428CC8680004C7068 /* kuku_wish_listTests.swift */ = {isa = PBXFileReference; lastKnownFileType = sourcecode.swift; path = kuku_wish_listTests.swift; sourceTree = "<group>"; };
		AA896EDA28CC8681004C7068 /* kuku_wish_listUITests.xctest */ = {isa = PBXFileReference; explicitFileType = wrapper.cfbundle; includeInIndex = 0; path = kuku_wish_listUITests.xctest; sourceTree = BUILT_PRODUCTS_DIR; };
		AA896EDE28CC8681004C7068 /* kuku_wish_listUITests.swift */ = {isa = PBXFileReference; lastKnownFileType = sourcecode.swift; path = kuku_wish_listUITests.swift; sourceTree = "<group>"; };
		AA896EE028CC8681004C7068 /* kuku_wish_listUITestsLaunchTests.swift */ = {isa = PBXFileReference; lastKnownFileType = sourcecode.swift; path = kuku_wish_listUITestsLaunchTests.swift; sourceTree = "<group>"; };
/* End PBXFileReference section */

/* Begin PBXFrameworksBuildPhase section */
		AA896EBD28CC8680004C7068 /* Frameworks */ = {
			isa = PBXFrameworksBuildPhase;
			buildActionMask = 2147483647;
			files = (
			);
			runOnlyForDeploymentPostprocessing = 0;
		};
		AA896ECD28CC8680004C7068 /* Frameworks */ = {
			isa = PBXFrameworksBuildPhase;
			buildActionMask = 2147483647;
			files = (
			);
			runOnlyForDeploymentPostprocessing = 0;
		};
		AA896ED728CC8681004C7068 /* Frameworks */ = {
			isa = PBXFrameworksBuildPhase;
			buildActionMask = 2147483647;
			files = (
			);
			runOnlyForDeploymentPostprocessing = 0;
		};
/* End PBXFrameworksBuildPhase section */

/* Begin PBXGroup section */
		AA896EB728CC8680004C7068 = {
			isa = PBXGroup;
			children = (
				AA896EC228CC8680004C7068 /* kuku_wish_list */,
				AA896ED328CC8680004C7068 /* kuku_wish_listTests */,
				AA896EDD28CC8681004C7068 /* kuku_wish_listUITests */,
				AA896EC128CC8680004C7068 /* Products */,
			);
			sourceTree = "<group>";
		};
		AA896EC128CC8680004C7068 /* Products */ = {
			isa = PBXGroup;
			children = (
				AA896EC028CC8680004C7068 /* kuku_wish_list.app */,
				AA896ED028CC8680004C7068 /* kuku_wish_listTests.xctest */,
				AA896EDA28CC8681004C7068 /* kuku_wish_listUITests.xctest */,
			);
			name = Products;
			sourceTree = "<group>";
		};
		AA896EC228CC8680004C7068 /* kuku_wish_list */ = {
			isa = PBXGroup;
			children = (
				AA896EC328CC8680004C7068 /* kuku_wish_listApp.swift */,
				AA896EC528CC8680004C7068 /* ContentView.swift */,
				AA896EC728CC8680004C7068 /* Assets.xcassets */,
				AA896EC928CC8680004C7068 /* Preview Content */,
			);
			path = kuku_wish_list;
			sourceTree = "<group>";
		};
		AA896EC928CC8680004C7068 /* Preview Content */ = {
			isa = PBXGroup;
			children = (
				AA896ECA28CC8680004C7068 /* Preview Assets.xcassets */,
			);
			path = "Preview Content";
			sourceTree = "<group>";
		};
		AA896ED328CC8680004C7068 /* kuku_wish_listTests */ = {
			isa = PBXGroup;
			children = (
				AA896ED428CC8680004C7068 /* kuku_wish_listTests.swift */,
			);
			path = kuku_wish_listTests;
			sourceTree = "<group>";
		};
		AA896EDD28CC8681004C7068 /* kuku_wish_listUITests */ = {
			isa = PBXGroup;
			children = (
				AA896EDE28CC8681004C7068 /* kuku_wish_listUITests.swift */,
				AA896EE028CC8681004C7068 /* kuku_wish_listUITestsLaunchTests.swift */,
			);
			path = kuku_wish_listUITests;
			sourceTree = "<group>";
		};
/* End PBXGroup section */

/* Begin PBXNativeTarget section */
		AA896EBF28CC8680004C7068 /* kuku_wish_list */ = {
			isa = PBXNativeTarget;
			buildConfigurationList = AA896EE428CC8681004C7068 /* Build configuration list for PBXNativeTarget "kuku_wish_list" */;
			buildPhases = (
				AA896EBC28CC8680004C7068 /* Sources */,
				AA896EBD28CC8680004C7068 /* Frameworks */,
				AA896EBE28CC8680004C7068 /* Resources */,
			);
			buildRules = (
			);
			dependencies = (
			);
			name = kuku_wish_list;
			productName = kuku_wish_list;
			productReference = AA896EC028CC8680004C7068 /* kuku_wish_list.app */;
			productType = "com.apple.product-type.application";
		};
		AA896ECF28CC8680004C7068 /* kuku_wish_listTests */ = {
			isa = PBXNativeTarget;
			buildConfigurationList = AA896EE728CC8681004C7068 /* Build configuration list for PBXNativeTarget "kuku_wish_listTests" */;
			buildPhases = (
				AA896ECC28CC8680004C7068 /* Sources */,
				AA896ECD28CC8680004C7068 /* Frameworks */,
				AA896ECE28CC8680004C7068 /* Resources */,
			);
			buildRules = (
			);
			dependencies = (
				AA896ED228CC8680004C7068 /* PBXTargetDependency */,
			);
			name = kuku_wish_listTests;
			productName = kuku_wish_listTests;
			productReference = AA896ED028CC8680004C7068 /* kuku_wish_listTests.xctest */;
			productType = "com.apple.product-type.bundle.unit-test";
		};
		AA896ED928CC8681004C7068 /* kuku_wish_listUITests */ = {
			isa = PBXNativeTarget;
			buildConfigurationList = AA896EEA28CC8681004C7068 /* Build configuration list for PBXNativeTarget "kuku_wish_listUITests" */;
			buildPhases = (
				AA896ED628CC8681004C7068 /* Sources */,
				AA896ED728CC8681004C7068 /* Frameworks */,
				AA896ED828CC8681004C7068 /* Resources */,
			);
			buildRules = (
			);
			dependencies = (
				AA896EDC28CC8681004C7068 /* PBXTargetDependency */,
			);
			name = kuku_wish_listUITests;
			productName = kuku_wish_listUITests;
			productReference = AA896EDA28CC8681004C7068 /* kuku_wish_listUITests.xctest */;
			productType = "com.apple.product-type.bundle.ui-testing";
		};
/* End PBXNativeTarget section */

/* Begin PBXProject section */
		AA896EB828CC8680004C7068 /* Project object */ = {
			isa = PBXProject;
			attributes = {
				BuildIndependentTargetsInParallel = 1;
				LastSwiftUpdateCheck = 1340;
				LastUpgradeCheck = 1340;
				TargetAttributes = {
					AA896EBF28CC8680004C7068 = {
						CreatedOnToolsVersion = 13.4.1;
					};
					AA896ECF28CC8680004C7068 = {
						CreatedOnToolsVersion = 13.4.1;
						TestTargetID = AA896EBF28CC8680004C7068;
					};
					AA896ED928CC8681004C7068 = {
						CreatedOnToolsVersion = 13.4.1;
						TestTargetID = AA896EBF28CC8680004C7068;
					};
				};
			};
			buildConfigurationList = AA896EBB28CC8680004C7068 /* Build configuration list for PBXProject "kuku_wish_list" */;
			compatibilityVersion = "Xcode 13.0";
			developmentRegion = en;
			hasScannedForEncodings = 0;
			knownRegions = (
				en,
				Base,
			);
			mainGroup = AA896EB728CC8680004C7068;
			productRefGroup = AA896EC128CC8680004C7068 /* Products */;
			projectDirPath = "";
			projectRoot = "";
			targets = (
				AA896EBF28CC8680004C7068 /* kuku_wish_list */,
				AA896ECF28CC8680004C7068 /* kuku_wish_listTests */,
				AA896ED928CC8681004C7068 /* kuku_wish_listUITests */,
			);
		};
/* End PBXProject section */

/* Begin PBXResourcesBuildPhase section */
		AA896EBE28CC8680004C7068 /* Resources */ = {
			isa = PBXResourcesBuildPhase;
			buildActionMask = 2147483647;
			files = (
				AA896ECB28CC8680004C7068 /* Preview Assets.xcassets in Resources */,
				AA896EC828CC8680004C7068 /* Assets.xcassets in Resources */,
			);
			runOnlyForDeploymentPostprocessing = 0;
		};
		AA896ECE28CC8680004C7068 /* Resources */ = {
			isa = PBXResourcesBuildPhase;
			buildActionMask = 2147483647;
			files = (
			);
			runOnlyForDeploymentPostprocessing = 0;
		};
		AA896ED828CC8681004C7068 /* Resources */ = {
			isa = PBXResourcesBuildPhase;
			buildActionMask = 2147483647;
			files = (
			);
			runOnlyForDeploymentPostprocessing = 0;
		};
/* End PBXResourcesBuildPhase section */

/* Begin PBXSourcesBuildPhase section */
		AA896EBC28CC8680004C7068 /* Sources */ = {
			isa = PBXSourcesBuildPhase;
			buildActionMask = 2147483647;
			files = (
				AA896EC628CC8680004C7068 /* ContentView.swift in Sources */,
				AA896EC428CC8680004C7068 /* kuku_wish_listApp.swift in Sources */,
			);
			runOnlyForDeploymentPostprocessing = 0;
		};
		AA896ECC28CC8680004C7068 /* Sources */ = {
			isa = PBXSourcesBuildPhase;
			buildActionMask = 2147483647;
			files = (
				AA896ED528CC8680004C7068 /* kuku_wish_listTests.swift in Sources */,
			);
			runOnlyForDeploymentPostprocessing = 0;
		};
		AA896ED628CC8681004C7068 /* Sources */ = {
			isa = PBXSourcesBuildPhase;
			buildActionMask = 2147483647;
			files = (
				AA896EDF28CC8681004C7068 /* kuku_wish_listUITests.swift in Sources */,
				AA896EE128CC8681004C7068 /* kuku_wish_listUITestsLaunchTests.swift in Sources */,
			);
			runOnlyForDeploymentPostprocessing = 0;
		};
/* End PBXSourcesBuildPhase section */

/* Begin PBXTargetDependency section */
		AA896ED228CC8680004C7068 /* PBXTargetDependency */ = {
			isa = PBXTargetDependency;
			target = AA896EBF28CC8680004C7068 /* kuku_wish_list */;
			targetProxy = AA896ED128CC8680004C7068 /* PBXContainerItemProxy */;
		};
		AA896EDC28CC8681004C7068 /* PBXTargetDependency */ = {
			isa = PBXTargetDependency;
			target = AA896EBF28CC8680004C7068 /* kuku_wish_list */;
			targetProxy = AA896EDB28CC8681004C7068 /* PBXContainerItemProxy */;
		};
/* End PBXTargetDependency section */

/* Begin XCBuildConfiguration section */
		AA896EE228CC8681004C7068 /* Debug */ = {
			isa = XCBuildConfiguration;
			buildSettings = {
				ALWAYS_SEARCH_USER_PATHS = NO;
				CLANG_ANALYZER_NONNULL = YES;
				CLANG_ANALYZER_NUMBER_OBJECT_CONVERSION = YES_AGGRESSIVE;
				CLANG_CXX_LANGUAGE_STANDARD = "gnu++17";
				CLANG_ENABLE_MODULES = YES;
				CLANG_ENABLE_OBJC_ARC = YES;
				CLANG_ENABLE_OBJC_WEAK = YES;
				CLANG_WARN_BLOCK_CAPTURE_AUTORELEASING = YES;
				CLANG_WARN_BOOL_CONVERSION = YES;
				CLANG_WARN_COMMA = YES;
				CLANG_WARN_CONSTANT_CONVERSION = YES;
				CLANG_WARN_DEPRECATED_OBJC_IMPLEMENTATIONS = YES;
				CLANG_WARN_DIRECT_OBJC_ISA_USAGE = YES_ERROR;
				CLANG_WARN_DOCUMENTATION_COMMENTS = YES;
				CLANG_WARN_EMPTY_BODY = YES;
				CLANG_WARN_ENUM_CONVERSION = YES;
				CLANG_WARN_INFINITE_RECURSION = YES;
				CLANG_WARN_INT_CONVERSION = YES;
				CLANG_WARN_NON_LITERAL_NULL_CONVERSION = YES;
				CLANG_WARN_OBJC_IMPLICIT_RETAIN_SELF = YES;
				CLANG_WARN_OBJC_LITERAL_CONVERSION = YES;
				CLANG_WARN_OBJC_ROOT_CLASS = YES_ERROR;
				CLANG_WARN_QUOTED_INCLUDE_IN_FRAMEWORK_HEADER = YES;
				CLANG_WARN_RANGE_LOOP_ANALYSIS = YES;
				CLANG_WARN_STRICT_PROTOTYPES = YES;
				CLANG_WARN_SUSPICIOUS_MOVE = YES;
				CLANG_WARN_UNGUARDED_AVAILABILITY = YES_AGGRESSIVE;
				CLANG_WARN_UNREACHABLE_CODE = YES;
				CLANG_WARN__DUPLICATE_METHOD_MATCH = YES;
				COPY_PHASE_STRIP = NO;
				DEBUG_INFORMATION_FORMAT = dwarf;
				ENABLE_STRICT_OBJC_MSGSEND = YES;
				ENABLE_TESTABILITY = YES;
				GCC_C_LANGUAGE_STANDARD = gnu11;
				GCC_DYNAMIC_NO_PIC = NO;
				GCC_NO_COMMON_BLOCKS = YES;
				GCC_OPTIMIZATION_LEVEL = 0;
				GCC_PREPROCESSOR_DEFINITIONS = (
					"DEBUG=1",
					"$(inherited)",
				);
				GCC_WARN_64_TO_32_BIT_CONVERSION = YES;
				GCC_WARN_ABOUT_RETURN_TYPE = YES_ERROR;
				GCC_WARN_UNDECLARED_SELECTOR = YES;
				GCC_WARN_UNINITIALIZED_AUTOS = YES_AGGRESSIVE;
				GCC_WARN_UNUSED_FUNCTION = YES;
				GCC_WARN_UNUSED_VARIABLE = YES;
				IPHONEOS_DEPLOYMENT_TARGET = 15.5;
				MTL_ENABLE_DEBUG_INFO = INCLUDE_SOURCE;
				MTL_FAST_MATH = YES;
				ONLY_ACTIVE_ARCH = YES;
				SDKROOT = iphoneos;
				SWIFT_ACTIVE_COMPILATION_CONDITIONS = DEBUG;
				SWIFT_OPTIMIZATION_LEVEL = "-Onone";
			};
			name = Debug;
		};
		AA896EE328CC8681004C7068 /* Release */ = {
			isa = XCBuildConfiguration;
			buildSettings = {
				ALWAYS_SEARCH_USER_PATHS = NO;
				CLANG_ANALYZER_NONNULL = YES;
				CLANG_ANALYZER_NUMBER_OBJECT_CONVERSION = YES_AGGRESSIVE;
				CLANG_CXX_LANGUAGE_STANDARD = "gnu++17";
				CLANG_ENABLE_MODULES = YES;
				CLANG_ENABLE_OBJC_ARC = YES;
				CLANG_ENABLE_OBJC_WEAK = YES;
				CLANG_WARN_BLOCK_CAPTURE_AUTORELEASING = YES;
				CLANG_WARN_BOOL_CONVERSION = YES;
				CLANG_WARN_COMMA = YES;
				CLANG_WARN_CONSTANT_CONVERSION = YES;
				CLANG_WARN_DEPRECATED_OBJC_IMPLEMENTATIONS = YES;
				CLANG_WARN_DIRECT_OBJC_ISA_USAGE = YES_ERROR;
				CLANG_WARN_DOCUMENTATION_COMMENTS = YES;
				CLANG_WARN_EMPTY_BODY = YES;
				CLANG_WARN_ENUM_CONVERSION = YES;
				CLANG_WARN_INFINITE_RECURSION = YES;
				CLANG_WARN_INT_CONVERSION = YES;
				CLANG_WARN_NON_LITERAL_NULL_CONVERSION = YES;
				CLANG_WARN_OBJC_IMPLICIT_RETAIN_SELF = YES;
				CLANG_WARN_OBJC_LITERAL_CONVERSION = YES;
				CLANG_WARN_OBJC_ROOT_CLASS = YES_ERROR;
				CLANG_WARN_QUOTED_INCLUDE_IN_FRAMEWORK_HEADER = YES;
				CLANG_WARN_RANGE_LOOP_ANALYSIS = YES;
				CLANG_WARN_STRICT_PROTOTYPES = YES;
				CLANG_WARN_SUSPICIOUS_MOVE = YES;
				CLANG_WARN_UNGUARDED_AVAILABILITY = YES_AGGRESSIVE;
				CLANG_WARN_UNREACHABLE_CODE = YES;
				CLANG_WARN__DUPLICATE_METHOD_MATCH = YES;
				COPY_PHASE_STRIP = NO;
				DEBUG_INFORMATION_FORMAT = "dwarf-with-dsym";
				ENABLE_NS_ASSERTIONS = NO;
				ENABLE_STRICT_OBJC_MSGSEND = YES;
				GCC_C_LANGUAGE_STANDARD = gnu11;
				GCC_NO_COMMON_BLOCKS = YES;
				GCC_WARN_64_TO_32_BIT_CONVERSION = YES;
				GCC_WARN_ABOUT_RETURN_TYPE = YES_ERROR;
				GCC_WARN_UNDECLARED_SELECTOR = YES;
				GCC_WARN_UNINITIALIZED_AUTOS = YES_AGGRESSIVE;
				GCC_WARN_UNUSED_FUNCTION = YES;
				GCC_WARN_UNUSED_VARIABLE = YES;
				IPHONEOS_DEPLOYMENT_TARGET = 15.5;
				MTL_ENABLE_DEBUG_INFO = NO;
				MTL_FAST_MATH = YES;
				SDKROOT = iphoneos;
				SWIFT_COMPILATION_MODE = wholemodule;
				SWIFT_OPTIMIZATION_LEVEL = "-O";
				VALIDATE_PRODUCT = YES;
			};
			name = Release;
		};
		AA896EE528CC8681004C7068 /* Debug */ = {
			isa = XCBuildConfiguration;
			buildSettings = {
				ASSETCATALOG_COMPILER_APPICON_NAME = AppIcon;
				ASSETCATALOG_COMPILER_GLOBAL_ACCENT_COLOR_NAME = AccentColor;
				CODE_SIGN_STYLE = Automatic;
				CURRENT_PROJECT_VERSION = 1;
				DEVELOPMENT_ASSET_PATHS = "\"kuku_wish_list/Preview Content\"";
				DEVELOPMENT_TEAM = YH8U2T42SA;
				ENABLE_PREVIEWS = YES;
				GENERATE_INFOPLIST_FILE = YES;
				INFOPLIST_KEY_UIApplicationSceneManifest_Generation = YES;
				INFOPLIST_KEY_UIApplicationSupportsIndirectInputEvents = YES;
				INFOPLIST_KEY_UILaunchScreen_Generation = YES;
				INFOPLIST_KEY_UISupportedInterfaceOrientations_iPad = "UIInterfaceOrientationPortrait UIInterfaceOrientationPortraitUpsideDown UIInterfaceOrientationLandscapeLeft UIInterfaceOrientationLandscapeRight";
				INFOPLIST_KEY_UISupportedInterfaceOrientations_iPhone = "UIInterfaceOrientationPortrait UIInterfaceOrientationLandscapeLeft UIInterfaceOrientationLandscapeRight";
				LD_RUNPATH_SEARCH_PATHS = (
					"$(inherited)",
					"@executable_path/Frameworks",
				);
				MARKETING_VERSION = 1.0;
				PRODUCT_BUNDLE_IDENTIFIER = "HANAH-LEE.kuku-wish-list";
				PRODUCT_NAME = "$(TARGET_NAME)";
				SWIFT_EMIT_LOC_STRINGS = YES;
				SWIFT_VERSION = 5.0;
				TARGETED_DEVICE_FAMILY = "1,2";
			};
			name = Debug;
		};
		AA896EE628CC8681004C7068 /* Release */ = {
			isa = XCBuildConfiguration;
			buildSettings = {
				ASSETCATALOG_COMPILER_APPICON_NAME = AppIcon;
				ASSETCATALOG_COMPILER_GLOBAL_ACCENT_COLOR_NAME = AccentColor;
				CODE_SIGN_STYLE = Automatic;
				CURRENT_PROJECT_VERSION = 1;
				DEVELOPMENT_ASSET_PATHS = "\"kuku_wish_list/Preview Content\"";
				DEVELOPMENT_TEAM = YH8U2T42SA;
				ENABLE_PREVIEWS = YES;
				GENERATE_INFOPLIST_FILE = YES;
				INFOPLIST_KEY_UIApplicationSceneManifest_Generation = YES;
				INFOPLIST_KEY_UIApplicationSupportsIndirectInputEvents = YES;
				INFOPLIST_KEY_UILaunchScreen_Generation = YES;
				INFOPLIST_KEY_UISupportedInterfaceOrientations_iPad = "UIInterfaceOrientationPortrait UIInterfaceOrientationPortraitUpsideDown UIInterfaceOrientationLandscapeLeft UIInterfaceOrientationLandscapeRight";
				INFOPLIST_KEY_UISupportedInterfaceOrientations_iPhone = "UIInterfaceOrientationPortrait UIInterfaceOrientationLandscapeLeft UIInterfaceOrientationLandscapeRight";
				LD_RUNPATH_SEARCH_PATHS = (
					"$(inherited)",
					"@executable_path/Frameworks",
				);
				MARKETING_VERSION = 1.0;
				PRODUCT_BUNDLE_IDENTIFIER = "HANAH-LEE.kuku-wish-list";
				PRODUCT_NAME = "$(TARGET_NAME)";
				SWIFT_EMIT_LOC_STRINGS = YES;
				SWIFT_VERSION = 5.0;
				TARGETED_DEVICE_FAMILY = "1,2";
			};
			name = Release;
		};
		AA896EE828CC8681004C7068 /* Debug */ = {
			isa = XCBuildConfiguration;
			buildSettings = {
				ALWAYS_EMBED_SWIFT_STANDARD_LIBRARIES = YES;
				BUNDLE_LOADER = "$(TEST_HOST)";
				CODE_SIGN_STYLE = Automatic;
				CURRENT_PROJECT_VERSION = 1;
				DEVELOPMENT_TEAM = YH8U2T42SA;
				GENERATE_INFOPLIST_FILE = YES;
				IPHONEOS_DEPLOYMENT_TARGET = 15.5;
				MARKETING_VERSION = 1.0;
				PRODUCT_BUNDLE_IDENTIFIER = "HANAH-LEE.kuku-wish-listTests";
				PRODUCT_NAME = "$(TARGET_NAME)";
				SWIFT_EMIT_LOC_STRINGS = NO;
				SWIFT_VERSION = 5.0;
				TARGETED_DEVICE_FAMILY = "1,2";
				TEST_HOST = "$(BUILT_PRODUCTS_DIR)/kuku_wish_list.app/kuku_wish_list";
			};
			name = Debug;
		};
		AA896EE928CC8681004C7068 /* Release */ = {
			isa = XCBuildConfiguration;
			buildSettings = {
				ALWAYS_EMBED_SWIFT_STANDARD_LIBRARIES = YES;
				BUNDLE_LOADER = "$(TEST_HOST)";
				CODE_SIGN_STYLE = Automatic;
				CURRENT_PROJECT_VERSION = 1;
				DEVELOPMENT_TEAM = YH8U2T42SA;
				GENERATE_INFOPLIST_FILE = YES;
				IPHONEOS_DEPLOYMENT_TARGET = 15.5;
				MARKETING_VERSION = 1.0;
				PRODUCT_BUNDLE_IDENTIFIER = "HANAH-LEE.kuku-wish-listTests";
				PRODUCT_NAME = "$(TARGET_NAME)";
				SWIFT_EMIT_LOC_STRINGS = NO;
				SWIFT_VERSION = 5.0;
				TARGETED_DEVICE_FAMILY = "1,2";
				TEST_HOST = "$(BUILT_PRODUCTS_DIR)/kuku_wish_list.app/kuku_wish_list";
			};
			name = Release;
		};
		AA896EEB28CC8681004C7068 /* Debug */ = {
			isa = XCBuildConfiguration;
			buildSettings = {
				ALWAYS_EMBED_SWIFT_STANDARD_LIBRARIES = YES;
				CODE_SIGN_STYLE = Automatic;
				CURRENT_PROJECT_VERSION = 1;
				DEVELOPMENT_TEAM = YH8U2T42SA;
				GENERATE_INFOPLIST_FILE = YES;
				MARKETING_VERSION = 1.0;
				PRODUCT_BUNDLE_IDENTIFIER = "HANAH-LEE.kuku-wish-listUITests";
				PRODUCT_NAME = "$(TARGET_NAME)";
				SWIFT_EMIT_LOC_STRINGS = NO;
				SWIFT_VERSION = 5.0;
				TARGETED_DEVICE_FAMILY = "1,2";
				TEST_TARGET_NAME = kuku_wish_list;
			};
			name = Debug;
		};
		AA896EEC28CC8681004C7068 /* Release */ = {
			isa = XCBuildConfiguration;
			buildSettings = {
				ALWAYS_EMBED_SWIFT_STANDARD_LIBRARIES = YES;
				CODE_SIGN_STYLE = Automatic;
				CURRENT_PROJECT_VERSION = 1;
				DEVELOPMENT_TEAM = YH8U2T42SA;
				GENERATE_INFOPLIST_FILE = YES;
				MARKETING_VERSION = 1.0;
				PRODUCT_BUNDLE_IDENTIFIER = "HANAH-LEE.kuku-wish-listUITests";
				PRODUCT_NAME = "$(TARGET_NAME)";
				SWIFT_EMIT_LOC_STRINGS = NO;
				SWIFT_VERSION = 5.0;
				TARGETED_DEVICE_FAMILY = "1,2";
				TEST_TARGET_NAME = kuku_wish_list;
			};
			name = Release;
		};
/* End XCBuildConfiguration section */

/* Begin XCConfigurationList section */
		AA896EBB28CC8680004C7068 /* Build configuration list for PBXProject "kuku_wish_list" */ = {
			isa = XCConfigurationList;
			buildConfigurations = (
				AA896EE228CC8681004C7068 /* Debug */,
				AA896EE328CC8681004C7068 /* Release */,
			);
			defaultConfigurationIsVisible = 0;
			defaultConfigurationName = Release;
		};
		AA896EE428CC8681004C7068 /* Build configuration list for PBXNativeTarget "kuku_wish_list" */ = {
			isa = XCConfigurationList;
			buildConfigurations = (
				AA896EE528CC8681004C7068 /* Debug */,
				AA896EE628CC8681004C7068 /* Release */,
			);
			defaultConfigurationIsVisible = 0;
			defaultConfigurationName = Release;
		};
		AA896EE728CC8681004C7068 /* Build configuration list for PBXNativeTarget "kuku_wish_listTests" */ = {
			isa = XCConfigurationList;
			buildConfigurations = (
				AA896EE828CC8681004C7068 /* Debug */,
				AA896EE928CC8681004C7068 /* Release */,
			);
			defaultConfigurationIsVisible = 0;
			defaultConfigurationName = Release;
		};
		AA896EEA28CC8681004C7068 /* Build configuration list for PBXNativeTarget "kuku_wish_listUITests" */ = {
			isa = XCConfigurationList;
			buildConfigurations = (
				AA896EEB28CC8681004C7068 /* Debug */,
				AA896EEC28CC8681004C7068 /* Release */,
			);
			defaultConfigurationIsVisible = 0;
			defaultConfigurationName = Release;
		};
/* End XCConfigurationList section */
	};
	rootObject = AA896EB828CC8680004C7068 /* Project object */;
}
